
Microsoft Visual Studio Solution File, Format Version 12.00
# Visual Studio 15
VisualStudioVersion = 15.0.28307.1082
MinimumVisualStudioVersion = 10.0.40219.1
Project("{FAE04EC0-301F-11D3-BF4B-00C04F79EFBC}") = "RangerComBrowser", "RangerComBrowser\RangerComBrowser.csproj", "{CDB189AB-9BB1-49C3-B9A7-F305560AE1B2}"
EndProject
Project("{FAE04EC0-301F-11D3-BF4B-00C04F79EFBC}") = "RangerComBrowser32", "RangerComBrowser32\RangerComBrowser32.csproj", "{CAC2E2FC-F884-4FAC-8166-92FF1CA59114}"
EndProject
Global
	GlobalSection(SolutionConfigurationPlatforms) = preSolution
		Debug|Any CPU = Debug|Any CPU
		Release|Any CPU = Release|Any CPU
	EndGlobalSection
	GlobalSection(ProjectConfigurationPlatforms) = postSolution
		{CDB189AB-9BB1-49C3-B9A7-F305560AE1B2}.Debug|Any CPU.ActiveCfg = Debug|Any CPU
		{CDB189AB-9BB1-49C3-B9A7-F305560AE1B2}.Debug|Any CPU.Build.0 = Debug|Any CPU
		{CDB189AB-9BB1-49C3-B9A7-F305560AE1B2}.Release|Any CPU.ActiveCfg = Release|Any CPU
		{CDB189AB-9BB1-49C3-B9A7-F305560AE1B2}.Release|Any CPU.Build.0 = Release|Any CPU
		{CAC2E2FC-F884-4FAC-8166-92FF1CA59114}.Debug|Any CPU.ActiveCfg = Debug|Any CPU
		{CAC2E2FC-F884-4FAC-8166-92FF1CA59114}.Debug|Any CPU.Build.0 = Debug|Any CPU
		{CAC2E2FC-F884-4FAC-8166-92FF1CA59114}.Release|Any CPU.ActiveCfg = Release|Any CPU
		{CAC2E2FC-F884-4FAC-8166-92FF1CA59114}.Release|Any CPU.Build.0 = Release|Any CPU
	EndGlobalSection
	GlobalSection(SolutionProperties) = preSolution
		HideSolutionNode = FALSE
	EndGlobalSection
	GlobalSection(ExtensibilityGlobals) = postSolution
		SolutionGuid = {066A07F6-7336-4829-A6F9-F15EABC5DD5F}
	EndGlobalSection
EndGlobal
